
Microsoft Visual Studio Solution File, Format Version 12.00
# Visual Studio Version 16
VisualStudioVersion = 16.0.29025.244
MinimumVisualStudioVersion = 10.0.40219.1
Project("{FAE04EC0-301F-11D3-BF4B-00C04F79EFBC}") = "Customer.Commerce.XA.Feature.VSIX", "Customer.Commerce.XA.Feature.VSIX\Customer.Commerce.XA.Feature.VSIX.csproj", "{9429849E-FD19-471C-85A8-C9750B29CE32}"
EndProject
Global
	GlobalSection(SolutionConfigurationPlatforms) = preSolution
		Debug|Any CPU = Debug|Any CPU
		Release|Any CPU = Release|Any CPU
	EndGlobalSection
	GlobalSection(ProjectConfigurationPlatforms) = postSolution
		{9429849E-FD19-471C-85A8-C9750B29CE32}.Debug|Any CPU.ActiveCfg = Debug|Any CPU
		{9429849E-FD19-471C-85A8-C9750B29CE32}.Debug|Any CPU.Build.0 = Debug|Any CPU
		{9429849E-FD19-471C-85A8-C9750B29CE32}.Release|Any CPU.ActiveCfg = Release|Any CPU
		{9429849E-FD19-471C-85A8-C9750B29CE32}.Release|Any CPU.Build.0 = Release|Any CPU
	EndGlobalSection
	GlobalSection(SolutionProperties) = preSolution
		HideSolutionNode = FALSE
	EndGlobalSection
	GlobalSection(ExtensibilityGlobals) = postSolution
		SolutionGuid = {E99873DE-E1B4-4599-82AA-474BE94BCF02}
	EndGlobalSection
EndGlobal
